
Microsoft Visual Studio Solution File, Format Version 12.00
# Visual Studio Version 17
VisualStudioVersion = 17.1.32407.343
MinimumVisualStudioVersion = 10.0.40219.1
Project("{8BC9CEB8-8B4A-11D0-8D11-00A0C91BC942}") = "01_First", "01_First\01_First.vcxproj", "{39B6D41B-D7A6-4219-B276-D47058A5A1EC}"
EndProject
Project("{8BC9CEB8-8B4A-11D0-8D11-00A0C91BC942}") = "02_TextOut", "02_TextOut\02_TextOut.vcxproj", "{0DAB15ED-4685-49DA-AEE9-E50063A0CAC3}"
EndProject
Project("{8BC9CEB8-8B4A-11D0-8D11-00A0C91BC942}") = "03_WM_PAINT", "03_WM_PAINT\03_WM_PAINT.vcxproj", "{3C545FF1-CB63-4D65-BD52-E11248505927}"
EndProject
Project("{8BC9CEB8-8B4A-11D0-8D11-00A0C91BC942}") = "04_DrawText", "04_DrawText\04_DrawText.vcxproj", "{83630DFE-F116-4664-9D30-98AFCF4826B5}"
EndProject
Project("{8BC9CEB8-8B4A-11D0-8D11-00A0C91BC942}") = "06_GraphOut", "06_GraphOut\06_GraphOut.vcxproj", "{C11844A3-5657-4F1B-9127-9D3838736568}"
EndProject
Project("{8BC9CEB8-8B4A-11D0-8D11-00A0C91BC942}") = "07_wm_char", "07_wm_char\07_wm_char.vcxproj", "{4B056123-36E7-4567-921B-7F47D1F5B0B1}"
EndProject
Project("{8BC9CEB8-8B4A-11D0-8D11-00A0C91BC942}") = "08_keyDown", "08_keyDown\08_keyDown.vcxproj", "{7C92085C-55F5-48BF-8C3F-0935D34BDC7C}"
EndProject
Project("{8BC9CEB8-8B4A-11D0-8D11-00A0C91BC942}") = "09_mouse", "09_mouse\09_mouse.vcxproj", "{CA00ADB6-0CE2-4B63-B501-EC2D2BEF1E87}"
EndProject
Project("{8BC9CEB8-8B4A-11D0-8D11-00A0C91BC942}") = "10_timer", "10_timer\10_timer.vcxproj", "{8C6D4733-1CB0-479E-AA9E-8A35F5E9C85B}"
EndProject
Project("{8BC9CEB8-8B4A-11D0-8D11-00A0C91BC942}") = "11_gdiObject", "11_gdiObject\11_gdiObject.vcxproj", "{29889677-3E9D-4C69-98C2-36D2B5D050D4}"
EndProject
Project("{8BC9CEB8-8B4A-11D0-8D11-00A0C91BC942}") = "12_bitmap", "12_bitmap\12_bitmap.vcxproj", "{2722F7A9-0F4A-4B19-A960-F96E878B0F00}"
EndProject
Project("{8BC9CEB8-8B4A-11D0-8D11-00A0C91BC942}") = "13_BitmapClass", "13_BitmapClass\13_BitmapClass.vcxproj", "{EBD8A216-9B89-4507-A5CD-F5B96A8E3554}"
EndProject
Project("{8BC9CEB8-8B4A-11D0-8D11-00A0C91BC942}") = "14_LoadImage", "14_LoadImage\14_LoadImage.vcxproj", "{99932F0C-792B-4232-B795-D9AD11AE7707}"
EndProject
Project("{8BC9CEB8-8B4A-11D0-8D11-00A0C91BC942}") = "15_TransparentBlt", "15_TransparentBlt\15_TransparentBlt.vcxproj", "{793EC1AA-2802-443D-9CB9-63D6EAAFA540}"
EndProject
Project("{8BC9CEB8-8B4A-11D0-8D11-00A0C91BC942}") = "16_PtInRect", "16_PtInRect\16_PtInRect.vcxproj", "{D8C57A25-B08D-442E-BB12-C50218CB4C29}"
EndProject
Project("{8BC9CEB8-8B4A-11D0-8D11-00A0C91BC942}") = "17_IntersectRect", "17_IntersectRect\17_IntersectRect.vcxproj", "{BBC2CF4E-73F4-472F-8FD4-06441A42D8E4}"
EndProject
Project("{8BC9CEB8-8B4A-11D0-8D11-00A0C91BC942}") = "18_GetKeyState", "18_GetKeyState\18_GetKeyState.vcxproj", "{49CCEC5B-928A-491D-9119-EA605C8E2EB6}"
EndProject
Project("{8BC9CEB8-8B4A-11D0-8D11-00A0C91BC942}") = "19_MoveSharp", "19_MoveSharp\19_MoveSharp.vcxproj", "{D78ACBAE-E75E-4490-AD5B-63A4042D81E4}"
EndProject
Project("{8BC9CEB8-8B4A-11D0-8D11-00A0C91BC942}") = "20_Bounce", "20_Bounce\20_Bounce.vcxproj", "{58F2462B-783C-40D9-AC14-2EE3717C573F}"
EndProject
Project("{8BC9CEB8-8B4A-11D0-8D11-00A0C91BC942}") = "21_PeekMessage", "21_PeekMessage\21_PeekMessage.vcxproj", "{BF635ACB-EBCB-4037-91D4-C8CB9CF1A220}"
EndProject
Project("{8BC9CEB8-8B4A-11D0-8D11-00A0C91BC942}") = "22_Menu", "22_Menu\22_Menu.vcxproj", "{F986DDA4-C2EB-4C97-BF71-4A837AA38315}"
EndProject
Project("{8BC9CEB8-8B4A-11D0-8D11-00A0C91BC942}") = "23_Button", "23_Button\23_Button.vcxproj", "{2B6A2B8D-5EB7-43D4-9E50-4FA1E8931EF0}"
EndProject
Project("{8BC9CEB8-8B4A-11D0-8D11-00A0C91BC942}") = "24_DLG", "24_DLG\24_DLG.vcxproj", "{496551B7-6111-4422-98DA-BE4B9AD4C897}"
EndProject
Project("{8BC9CEB8-8B4A-11D0-8D11-00A0C91BC942}") = "25_FileInOut", "25_FileInOut\25_FileInOut.vcxproj", "{65DD6FE7-A957-4F8D-84A4-64672816FFB2}"
EndProject
Project("{8BC9CEB8-8B4A-11D0-8D11-00A0C91BC942}") = "26_FileInOutDlg", "26_FileInOutDlg\26_FileInOutDlg.vcxproj", "{AB44F9EB-FA4B-431F-B449-E6295F4870EF}"
EndProject
Global
	GlobalSection(SolutionConfigurationPlatforms) = preSolution
		Debug|x64 = Debug|x64
		Debug|x86 = Debug|x86
		Release|x64 = Release|x64
		Release|x86 = Release|x86
	EndGlobalSection
	GlobalSection(ProjectConfigurationPlatforms) = postSolution
		{39B6D41B-D7A6-4219-B276-D47058A5A1EC}.Debug|x64.ActiveCfg = Debug|x64
		{39B6D41B-D7A6-4219-B276-D47058A5A1EC}.Debug|x64.Build.0 = Debug|x64
		{39B6D41B-D7A6-4219-B276-D47058A5A1EC}.Debug|x86.ActiveCfg = Debug|Win32
		{39B6D41B-D7A6-4219-B276-D47058A5A1EC}.Debug|x86.Build.0 = Debug|Win32
		{39B6D41B-D7A6-4219-B276-D47058A5A1EC}.Release|x64.ActiveCfg = Release|x64
		{39B6D41B-D7A6-4219-B276-D47058A5A1EC}.Release|x64.Build.0 = Release|x64
		{39B6D41B-D7A6-4219-B276-D47058A5A1EC}.Release|x86.ActiveCfg = Release|Win32
		{39B6D41B-D7A6-4219-B276-D47058A5A1EC}.Release|x86.Build.0 = Release|Win32
		{0DAB15ED-4685-49DA-AEE9-E50063A0CAC3}.Debug|x64.ActiveCfg = Debug|x64
		{0DAB15ED-4685-49DA-AEE9-E50063A0CAC3}.Debug|x64.Build.0 = Debug|x64
		{0DAB15ED-4685-49DA-AEE9-E50063A0CAC3}.Debug|x86.ActiveCfg = Debug|Win32
		{0DAB15ED-4685-49DA-AEE9-E50063A0CAC3}.Debug|x86.Build.0 = Debug|Win32
		{0DAB15ED-4685-49DA-AEE9-E50063A0CAC3}.Release|x64.ActiveCfg = Release|x64
		{0DAB15ED-4685-49DA-AEE9-E50063A0CAC3}.Release|x64.Build.0 = Release|x64
		{0DAB15ED-4685-49DA-AEE9-E50063A0CAC3}.Release|x86.ActiveCfg = Release|Win32
		{0DAB15ED-4685-49DA-AEE9-E50063A0CAC3}.Release|x86.Build.0 = Release|Win32
		{3C545FF1-CB63-4D65-BD52-E11248505927}.Debug|x64.ActiveCfg = Debug|x64
		{3C545FF1-CB63-4D65-BD52-E11248505927}.Debug|x64.Build.0 = Debug|x64
		{3C545FF1-CB63-4D65-BD52-E11248505927}.Debug|x86.ActiveCfg = Debug|Win32
		{3C545FF1-CB63-4D65-BD52-E11248505927}.Debug|x86.Build.0 = Debug|Win32
		{3C545FF1-CB63-4D65-BD52-E11248505927}.Release|x64.ActiveCfg = Release|x64
		{3C545FF1-CB63-4D65-BD52-E11248505927}.Release|x64.Build.0 = Release|x64
		{3C545FF1-CB63-4D65-BD52-E11248505927}.Release|x86.ActiveCfg = Release|Win32
		{3C545FF1-CB63-4D65-BD52-E11248505927}.Release|x86.Build.0 = Release|Win32
		{83630DFE-F116-4664-9D30-98AFCF4826B5}.Debug|x64.ActiveCfg = Debug|x64
		{83630DFE-F116-4664-9D30-98AFCF4826B5}.Debug|x64.Build.0 = Debug|x64
		{83630DFE-F116-4664-9D30-98AFCF4826B5}.Debug|x86.ActiveCfg = Debug|Win32
		{83630DFE-F116-4664-9D30-98AFCF4826B5}.Debug|x86.Build.0 = Debug|Win32
		{83630DFE-F116-4664-9D30-98AFCF4826B5}.Release|x64.ActiveCfg = Release|x64
		{83630DFE-F116-4664-9D30-98AFCF4826B5}.Release|x64.Build.0 = Release|x64
		{83630DFE-F116-4664-9D30-98AFCF4826B5}.Release|x86.ActiveCfg = Release|Win32
		{83630DFE-F116-4664-9D30-98AFCF4826B5}.Release|x86.Build.0 = Release|Win32
		{C11844A3-5657-4F1B-9127-9D3838736568}.Debug|x64.ActiveCfg = Debug|x64
		{C11844A3-5657-4F1B-9127-9D3838736568}.Debug|x64.Build.0 = Debug|x64
		{C11844A3-5657-4F1B-9127-9D3838736568}.Debug|x86.ActiveCfg = Debug|Win32
		{C11844A3-5657-4F1B-9127-9D3838736568}.Debug|x86.Build.0 = Debug|Win32
		{C11844A3-5657-4F1B-9127-9D3838736568}.Release|x64.ActiveCfg = Release|x64
		{C11844A3-5657-4F1B-9127-9D3838736568}.Release|x64.Build.0 = Release|x64
		{C11844A3-5657-4F1B-9127-9D3838736568}.Release|x86.ActiveCfg = Release|Win32
		{C11844A3-5657-4F1B-9127-9D3838736568}.Release|x86.Build.0 = Release|Win32
		{4B056123-36E7-4567-921B-7F47D1F5B0B1}.Debug|x64.ActiveCfg = Debug|x64
		{4B056123-36E7-4567-921B-7F47D1F5B0B1}.Debug|x64.Build.0 = Debug|x64
		{4B056123-36E7-4567-921B-7F47D1F5B0B1}.Debug|x86.ActiveCfg = Debug|Win32
		{4B056123-36E7-4567-921B-7F47D1F5B0B1}.Debug|x86.Build.0 = Debug|Win32
		{4B056123-36E7-4567-921B-7F47D1F5B0B1}.Release|x64.ActiveCfg = Release|x64
		{4B056123-36E7-4567-921B-7F47D1F5B0B1}.Release|x64.Build.0 = Release|x64
		{4B056123-36E7-4567-921B-7F47D1F5B0B1}.Release|x86.ActiveCfg = Release|Win32
		{4B056123-36E7-4567-921B-7F47D1F5B0B1}.Release|x86.Build.0 = Release|Win32
		{7C92085C-55F5-48BF-8C3F-0935D34BDC7C}.Debug|x64.ActiveCfg = Debug|x64
		{7C92085C-55F5-48BF-8C3F-0935D34BDC7C}.Debug|x64.Build.0 = Debug|x64
		{7C92085C-55F5-48BF-8C3F-0935D34BDC7C}.Debug|x86.ActiveCfg = Debug|Win32
		{7C92085C-55F5-48BF-8C3F-0935D34BDC7C}.Debug|x86.Build.0 = Debug|Win32
		{7C92085C-55F5-48BF-8C3F-0935D34BDC7C}.Release|x64.ActiveCfg = Release|x64
		{7C92085C-55F5-48BF-8C3F-0935D34BDC7C}.Release|x64.Build.0 = Release|x64
		{7C92085C-55F5-48BF-8C3F-0935D34BDC7C}.Release|x86.ActiveCfg = Release|Win32
		{7C92085C-55F5-48BF-8C3F-0935D34BDC7C}.Release|x86.Build.0 = Release|Win32
		{CA00ADB6-0CE2-4B63-B501-EC2D2BEF1E87}.Debug|x64.ActiveCfg = Debug|x64
		{CA00ADB6-0CE2-4B63-B501-EC2D2BEF1E87}.Debug|x64.Build.0 = Debug|x64
		{CA00ADB6-0CE2-4B63-B501-EC2D2BEF1E87}.Debug|x86.ActiveCfg = Debug|Win32
		{CA00ADB6-0CE2-4B63-B501-EC2D2BEF1E87}.Debug|x86.Build.0 = Debug|Win32
		{CA00ADB6-0CE2-4B63-B501-EC2D2BEF1E87}.Release|x64.ActiveCfg = Release|x64
		{CA00ADB6-0CE2-4B63-B501-EC2D2BEF1E87}.Release|x64.Build.0 = Release|x64
		{CA00ADB6-0CE2-4B63-B501-EC2D2BEF1E87}.Release|x86.ActiveCfg = Release|Win32
		{CA00ADB6-0CE2-4B63-B501-EC2D2BEF1E87}.Release|x86.Build.0 = Release|Win32
		{8C6D4733-1CB0-479E-AA9E-8A35F5E9C85B}.Debug|x64.ActiveCfg = Debug|x64
		{8C6D4733-1CB0-479E-AA9E-8A35F5E9C85B}.Debug|x64.Build.0 = Debug|x64
		{8C6D4733-1CB0-479E-AA9E-8A35F5E9C85B}.Debug|x86.ActiveCfg = Debug|Win32
		{8C6D4733-1CB0-479E-AA9E-8A35F5E9C85B}.Debug|x86.Build.0 = Debug|Win32
		{8C6D4733-1CB0-479E-AA9E-8A35F5E9C85B}.Release|x64.ActiveCfg = Release|x64
		{8C6D4733-1CB0-479E-AA9E-8A35F5E9C85B}.Release|x64.Build.0 = Release|x64
		{8C6D4733-1CB0-479E-AA9E-8A35F5E9C85B}.Release|x86.ActiveCfg = Release|Win32
		{8C6D4733-1CB0-479E-AA9E-8A35F5E9C85B}.Release|x86.Build.0 = Release|Win32
		{29889677-3E9D-4C69-98C2-36D2B5D050D4}.Debug|x64.ActiveCfg = Debug|x64
		{29889677-3E9D-4C69-98C2-36D2B5D050D4}.Debug|x64.Build.0 = Debug|x64
		{29889677-3E9D-4C69-98C2-36D2B5D050D4}.Debug|x86.ActiveCfg = Debug|Win32
		{29889677-3E9D-4C69-98C2-36D2B5D050D4}.Debug|x86.Build.0 = Debug|Win32
		{29889677-3E9D-4C69-98C2-36D2B5D050D4}.Release|x64.ActiveCfg = Release|x64
		{29889677-3E9D-4C69-98C2-36D2B5D050D4}.Release|x64.Build.0 = Release|x64
		{29889677-3E9D-4C69-98C2-36D2B5D050D4}.Release|x86.ActiveCfg = Release|Win32
		{29889677-3E9D-4C69-98C2-36D2B5D050D4}.Release|x86.Build.0 = Release|Win32
		{2722F7A9-0F4A-4B19-A960-F96E878B0F00}.Debug|x64.ActiveCfg = Debug|x64
		{2722F7A9-0F4A-4B19-A960-F96E878B0F00}.Debug|x64.Build.0 = Debug|x64
		{2722F7A9-0F4A-4B19-A960-F96E878B0F00}.Debug|x86.ActiveCfg = Debug|Win32
		{2722F7A9-0F4A-4B19-A960-F96E878B0F00}.Debug|x86.Build.0 = Debug|Win32
		{2722F7A9-0F4A-4B19-A960-F96E878B0F00}.Release|x64.ActiveCfg = Release|x64
		{2722F7A9-0F4A-4B19-A960-F96E878B0F00}.Release|x64.Build.0 = Release|x64
		{2722F7A9-0F4A-4B19-A960-F96E878B0F00}.Release|x86.ActiveCfg = Release|Win32
		{2722F7A9-0F4A-4B19-A960-F96E878B0F00}.Release|x86.Build.0 = Release|Win32
		{EBD8A216-9B89-4507-A5CD-F5B96A8E3554}.Debug|x64.ActiveCfg = Debug|x64
		{EBD8A216-9B89-4507-A5CD-F5B96A8E3554}.Debug|x64.Build.0 = Debug|x64
		{EBD8A216-9B89-4507-A5CD-F5B96A8E3554}.Debug|x86.ActiveCfg = Debug|Win32
		{EBD8A216-9B89-4507-A5CD-F5B96A8E3554}.Debug|x86.Build.0 = Debug|Win32
		{EBD8A216-9B89-4507-A5CD-F5B96A8E3554}.Release|x64.ActiveCfg = Release|x64
		{EBD8A216-9B89-4507-A5CD-F5B96A8E3554}.Release|x64.Build.0 = Release|x64
		{EBD8A216-9B89-4507-A5CD-F5B96A8E3554}.Release|x86.ActiveCfg = Release|Win32
		{EBD8A216-9B89-4507-A5CD-F5B96A8E3554}.Release|x86.Build.0 = Release|Win32
		{99932F0C-792B-4232-B795-D9AD11AE7707}.Debug|x64.ActiveCfg = Debug|x64
		{99932F0C-792B-4232-B795-D9AD11AE7707}.Debug|x64.Build.0 = Debug|x64
		{99932F0C-792B-4232-B795-D9AD11AE7707}.Debug|x86.ActiveCfg = Debug|Win32
		{99932F0C-792B-4232-B795-D9AD11AE7707}.Debug|x86.Build.0 = Debug|Win32
		{99932F0C-792B-4232-B795-D9AD11AE7707}.Release|x64.ActiveCfg = Release|x64
		{99932F0C-792B-4232-B795-D9AD11AE7707}.Release|x64.Build.0 = Release|x64
		{99932F0C-792B-4232-B795-D9AD11AE7707}.Release|x86.ActiveCfg = Release|Win32
		{99932F0C-792B-4232-B795-D9AD11AE7707}.Release|x86.Build.0 = Release|Win32
		{793EC1AA-2802-443D-9CB9-63D6EAAFA540}.Debug|x64.ActiveCfg = Debug|x64
		{793EC1AA-2802-443D-9CB9-63D6EAAFA540}.Debug|x64.Build.0 = Debug|x64
		{793EC1AA-2802-443D-9CB9-63D6EAAFA540}.Debug|x86.ActiveCfg = Debug|Win32
		{793EC1AA-2802-443D-9CB9-63D6EAAFA540}.Debug|x86.Build.0 = Debug|Win32
		{793EC1AA-2802-443D-9CB9-63D6EAAFA540}.Release|x64.ActiveCfg = Release|x64
		{793EC1AA-2802-443D-9CB9-63D6EAAFA540}.Release|x64.Build.0 = Release|x64
		{793EC1AA-2802-443D-9CB9-63D6EAAFA540}.Release|x86.ActiveCfg = Release|Win32
		{793EC1AA-2802-443D-9CB9-63D6EAAFA540}.Release|x86.Build.0 = Release|Win32
		{D8C57A25-B08D-442E-BB12-C50218CB4C29}.Debug|x64.ActiveCfg = Debug|x64
		{D8C57A25-B08D-442E-BB12-C50218CB4C29}.Debug|x64.Build.0 = Debug|x64
		{D8C57A25-B08D-442E-BB12-C50218CB4C29}.Debug|x86.ActiveCfg = Debug|Win32
		{D8C57A25-B08D-442E-BB12-C50218CB4C29}.Debug|x86.Build.0 = Debug|Win32
		{D8C57A25-B08D-442E-BB12-C50218CB4C29}.Release|x64.ActiveCfg = Release|x64
		{D8C57A25-B08D-442E-BB12-C50218CB4C29}.Release|x64.Build.0 = Release|x64
		{D8C57A25-B08D-442E-BB12-C50218CB4C29}.Release|x86.ActiveCfg = Release|Win32
		{D8C57A25-B08D-442E-BB12-C50218CB4C29}.Release|x86.Build.0 = Release|Win32
		{BBC2CF4E-73F4-472F-8FD4-06441A42D8E4}.Debug|x64.ActiveCfg = Debug|x64
		{BBC2CF4E-73F4-472F-8FD4-06441A42D8E4}.Debug|x64.Build.0 = Debug|x64
		{BBC2CF4E-73F4-472F-8FD4-06441A42D8E4}.Debug|x86.ActiveCfg = Debug|Win32
		{BBC2CF4E-73F4-472F-8FD4-06441A42D8E4}.Debug|x86.Build.0 = Debug|Win32
		{BBC2CF4E-73F4-472F-8FD4-06441A42D8E4}.Release|x64.ActiveCfg = Release|x64
		{BBC2CF4E-73F4-472F-8FD4-06441A42D8E4}.Release|x64.Build.0 = Release|x64
		{BBC2CF4E-73F4-472F-8FD4-06441A42D8E4}.Release|x86.ActiveCfg = Release|Win32
		{BBC2CF4E-73F4-472F-8FD4-06441A42D8E4}.Release|x86.Build.0 = Release|Win32
		{49CCEC5B-928A-491D-9119-EA605C8E2EB6}.Debug|x64.ActiveCfg = Debug|x64
		{49CCEC5B-928A-491D-9119-EA605C8E2EB6}.Debug|x64.Build.0 = Debug|x64
		{49CCEC5B-928A-491D-9119-EA605C8E2EB6}.Debug|x86.ActiveCfg = Debug|Win32
		{49CCEC5B-928A-491D-9119-EA605C8E2EB6}.Debug|x86.Build.0 = Debug|Win32
		{49CCEC5B-928A-491D-9119-EA605C8E2EB6}.Release|x64.ActiveCfg = Release|x64
		{49CCEC5B-928A-491D-9119-EA605C8E2EB6}.Release|x64.Build.0 = Release|x64
		{49CCEC5B-928A-491D-9119-EA605C8E2EB6}.Release|x86.ActiveCfg = Release|Win32
		{49CCEC5B-928A-491D-9119-EA605C8E2EB6}.Release|x86.Build.0 = Release|Win32
		{D78ACBAE-E75E-4490-AD5B-63A4042D81E4}.Debug|x64.ActiveCfg = Debug|x64
		{D78ACBAE-E75E-4490-AD5B-63A4042D81E4}.Debug|x64.Build.0 = Debug|x64
		{D78ACBAE-E75E-4490-AD5B-63A4042D81E4}.Debug|x86.ActiveCfg = Debug|Win32
		{D78ACBAE-E75E-4490-AD5B-63A4042D81E4}.Debug|x86.Build.0 = Debug|Win32
		{D78ACBAE-E75E-4490-AD5B-63A4042D81E4}.Release|x64.ActiveCfg = Release|x64
		{D78ACBAE-E75E-4490-AD5B-63A4042D81E4}.Release|x64.Build.0 = Release|x64
		{D78ACBAE-E75E-4490-AD5B-63A4042D81E4}.Release|x86.ActiveCfg = Release|Win32
		{D78ACBAE-E75E-4490-AD5B-63A4042D81E4}.Release|x86.Build.0 = Release|Win32
		{58F2462B-783C-40D9-AC14-2EE3717C573F}.Debug|x64.ActiveCfg = Debug|x64
		{58F2462B-783C-40D9-AC14-2EE3717C573F}.Debug|x64.Build.0 = Debug|x64
		{58F2462B-783C-40D9-AC14-2EE3717C573F}.Debug|x86.ActiveCfg = Debug|Win32
		{58F2462B-783C-40D9-AC14-2EE3717C573F}.Debug|x86.Build.0 = Debug|Win32
		{58F2462B-783C-40D9-AC14-2EE3717C573F}.Release|x64.ActiveCfg = Release|x64
		{58F2462B-783C-40D9-AC14-2EE3717C573F}.Release|x64.Build.0 = Release|x64
		{58F2462B-783C-40D9-AC14-2EE3717C573F}.Release|x86.ActiveCfg = Release|Win32
		{58F2462B-783C-40D9-AC14-2EE3717C573F}.Release|x86.Build.0 = Release|Win32
		{BF635ACB-EBCB-4037-91D4-C8CB9CF1A220}.Debug|x64.ActiveCfg = Debug|x64
		{BF635ACB-EBCB-4037-91D4-C8CB9CF1A220}.Debug|x64.Build.0 = Debug|x64
		{BF635ACB-EBCB-4037-91D4-C8CB9CF1A220}.Debug|x86.ActiveCfg = Debug|Win32
		{BF635ACB-EBCB-4037-91D4-C8CB9CF1A220}.Debug|x86.Build.0 = Debug|Win32
		{BF635ACB-EBCB-4037-91D4-C8CB9CF1A220}.Release|x64.ActiveCfg = Release|x64
		{BF635ACB-EBCB-4037-91D4-C8CB9CF1A220}.Release|x64.Build.0 = Release|x64
		{BF635ACB-EBCB-4037-91D4-C8CB9CF1A220}.Release|x86.ActiveCfg = Release|Win32
		{BF635ACB-EBCB-4037-91D4-C8CB9CF1A220}.Release|x86.Build.0 = Release|Win32
		{F986DDA4-C2EB-4C97-BF71-4A837AA38315}.Debug|x64.ActiveCfg = Debug|x64
		{F986DDA4-C2EB-4C97-BF71-4A837AA38315}.Debug|x64.Build.0 = Debug|x64
		{F986DDA4-C2EB-4C97-BF71-4A837AA38315}.Debug|x86.ActiveCfg = Debug|Win32
		{F986DDA4-C2EB-4C97-BF71-4A837AA38315}.Debug|x86.Build.0 = Debug|Win32
		{F986DDA4-C2EB-4C97-BF71-4A837AA38315}.Release|x64.ActiveCfg = Release|x64
		{F986DDA4-C2EB-4C97-BF71-4A837AA38315}.Release|x64.Build.0 = Release|x64
		{F986DDA4-C2EB-4C97-BF71-4A837AA38315}.Release|x86.ActiveCfg = Release|Win32
		{F986DDA4-C2EB-4C97-BF71-4A837AA38315}.Release|x86.Build.0 = Release|Win32
		{2B6A2B8D-5EB7-43D4-9E50-4FA1E8931EF0}.Debug|x64.ActiveCfg = Debug|x64
		{2B6A2B8D-5EB7-43D4-9E50-4FA1E8931EF0}.Debug|x64.Build.0 = Debug|x64
		{2B6A2B8D-5EB7-43D4-9E50-4FA1E8931EF0}.Debug|x86.ActiveCfg = Debug|Win32
		{2B6A2B8D-5EB7-43D4-9E50-4FA1E8931EF0}.Debug|x86.Build.0 = Debug|Win32
		{2B6A2B8D-5EB7-43D4-9E50-4FA1E8931EF0}.Release|x64.ActiveCfg = Release|x64
		{2B6A2B8D-5EB7-43D4-9E50-4FA1E8931EF0}.Release|x64.Build.0 = Release|x64
		{2B6A2B8D-5EB7-43D4-9E50-4FA1E8931EF0}.Release|x86.ActiveCfg = Release|Win32
		{2B6A2B8D-5EB7-43D4-9E50-4FA1E8931EF0}.Release|x86.Build.0 = Release|Win32
		{496551B7-6111-4422-98DA-BE4B9AD4C897}.Debug|x64.ActiveCfg = Debug|x64
		{496551B7-6111-4422-98DA-BE4B9AD4C897}.Debug|x64.Build.0 = Debug|x64
		{496551B7-6111-4422-98DA-BE4B9AD4C897}.Debug|x86.ActiveCfg = Debug|Win32
		{496551B7-6111-4422-98DA-BE4B9AD4C897}.Debug|x86.Build.0 = Debug|Win32
		{496551B7-6111-4422-98DA-BE4B9AD4C897}.Release|x64.ActiveCfg = Release|x64
		{496551B7-6111-4422-98DA-BE4B9AD4C897}.Release|x64.Build.0 = Release|x64
		{496551B7-6111-4422-98DA-BE4B9AD4C897}.Release|x86.ActiveCfg = Release|Win32
		{496551B7-6111-4422-98DA-BE4B9AD4C897}.Release|x86.Build.0 = Release|Win32
		{65DD6FE7-A957-4F8D-84A4-64672816FFB2}.Debug|x64.ActiveCfg = Debug|x64
		{65DD6FE7-A957-4F8D-84A4-64672816FFB2}.Debug|x64.Build.0 = Debug|x64
		{65DD6FE7-A957-4F8D-84A4-64672816FFB2}.Debug|x86.ActiveCfg = Debug|Win32
		{65DD6FE7-A957-4F8D-84A4-64672816FFB2}.Debug|x86.Build.0 = Debug|Win32
		{65DD6FE7-A957-4F8D-84A4-64672816FFB2}.Release|x64.ActiveCfg = Release|x64
		{65DD6FE7-A957-4F8D-84A4-64672816FFB2}.Release|x64.Build.0 = Release|x64
		{65DD6FE7-A957-4F8D-84A4-64672816FFB2}.Release|x86.ActiveCfg = Release|Win32
		{65DD6FE7-A957-4F8D-84A4-64672816FFB2}.Release|x86.Build.0 = Release|Win32
		{AB44F9EB-FA4B-431F-B449-E6295F4870EF}.Debug|x64.ActiveCfg = Debug|x64
		{AB44F9EB-FA4B-431F-B449-E6295F4870EF}.Debug|x64.Build.0 = Debug|x64
		{AB44F9EB-FA4B-431F-B449-E6295F4870EF}.Debug|x86.ActiveCfg = Debug|Win32
		{AB44F9EB-FA4B-431F-B449-E6295F4870EF}.Debug|x86.Build.0 = Debug|Win32
		{AB44F9EB-FA4B-431F-B449-E6295F4870EF}.Release|x64.ActiveCfg = Release|x64
		{AB44F9EB-FA4B-431F-B449-E6295F4870EF}.Release|x64.Build.0 = Release|x64
		{AB44F9EB-FA4B-431F-B449-E6295F4870EF}.Release|x86.ActiveCfg = Release|Win32
		{AB44F9EB-FA4B-431F-B449-E6295F4870EF}.Release|x86.Build.0 = Release|Win32
	EndGlobalSection
	GlobalSection(SolutionProperties) = preSolution
		HideSolutionNode = FALSE
	EndGlobalSection
	GlobalSection(ExtensibilityGlobals) = postSolution
		SolutionGuid = {2D9C1CFA-5EA1-4CF2-8E1D-DD84E3897228}
	EndGlobalSection
EndGlobal
